{
  "object": {
    "pins": [
      {
        "package": "BinarySwift",
        "repositoryURL": "https://github.com/Szaq/BinarySwift.git",
        "state": {
          "branch": "master",
          "revision": "b4635df053999eac3eaae97dfb8bc4fffe4f5773",
          "version": null
        }
      },
      {
        "package": "swift-argument-parser",
        "repositoryURL": "https://github.com/apple/swift-argument-parser.git",
        "state": {
          "branch": null,
          "revision": "9f04d1ff1afbccd02279338a2c91e5f27c45e93a",
          "version": "0.0.5"
        }
      },
      {
        "package": "swift-log",
        "repositoryURL": "https://github.com/apple/swift-log.git",
        "state": {
          "branch": null,
          "revision": "74d7b91ceebc85daf387ebb206003f78813f71aa",
          "version": "1.2.0"
        }
      },
      {
        "package": "swift-nio",
        "repositoryURL": "https://github.com/apple/swift-nio.git",
        "state": {
          "branch": null,
          "revision": "e876fb37410e0036b98b5361bb18e6854739572b",
          "version": "2.16.0"
        }
      }
    ]
  },
  "version": 1
}
