{
  "object": {
    "pins": [
      {
        "package": "swift-argument-parser",
        "repositoryURL": "https://github.com/apple/swift-argument-parser.git",
        "state": {
          "branch": null,
          "revision": "9f04d1ff1afbccd02279338a2c91e5f27c45e93a",
          "version": "0.0.5"
        }
      },
      {
        "package": "swift-log",
        "repositoryURL": "https://github.com/apple/swift-log.git",
        "state": {
          "branch": null,
          "revision": "74d7b91ceebc85daf387ebb206003f78813f71aa",
          "version": "1.2.0"
        }
      },
      {
        "package": "swift-nio",
        "repositoryURL": "https://github.com/apple/swift-nio.git",
        "state": {
          "branch": null,
          "revision": "c5fa0b456524cd73dc3ddbb263d4f46c20b86ca3",
          "version": "2.17.0"
        }
      },
      {
        "package": "SwiftyBytes",
        "repositoryURL": "https://github.com/Xenoxiluna/SwiftyBytes.git",
        "state": {
          "branch": null,
          "revision": "8accf08199a8a1ae664928c73f11327748874cc9",
          "version": "0.2.1"
        }
      },
      {
        "package": "XTerraPacket",
        "repositoryURL": "https://github.com/Xenoxiluna/XTerraPacket.git",
        "state": {
          "branch": null,
          "revision": "12c1ca945a3bc84afb60f4453d973084bd54de12",
          "version": "0.0.3"
        }
      }
    ]
  },
  "version": 1
}
